{
  "requires": true,
  "lockfileVersion": 1,
  "dependencies": {
    "primeicons": {
      "version": "4.1.0",
      "resolved": "https://registry.npmjs.org/primeicons/-/primeicons-4.1.0.tgz",
      "integrity": "sha512-uEv2pSPk1zQCfaB2VgnUfnUxxlGryYi+5rbdxmZBBt5v9S/pscIQYS5YDLxsQZ7D9jn5c76+Tx5wX/2J1nK6sA=="
    },
    "primevue": {
      "version": "3.0.0",
      "resolved": "https://registry.npmjs.org/primevue/-/primevue-3.0.0.tgz",
      "integrity": "sha512-IMxH1iDvhQz/RL/yPWTn00er4tssLPxFI7x7s7OH3jXA1NLarK6GE2/Y+JyyLO20KgLJeU16DHYn3SuRPc+A8w=="
    }
  }
}
